
Microsoft Visual Studio Solution File, Format Version 12.00
# Visual Studio Version 17
VisualStudioVersion = 17.13.35919.96
MinimumVisualStudioVersion = 10.0.40219.1
Project("{FAE04EC0-301F-11D3-BF4B-00C04F79EFBC}") = "Comments.Server", "Comments.Server\Comments.Server.csproj", "{68B04809-A5D2-411A-9ED7-AD67E073B138}"
EndProject
Project("{FAE04EC0-301F-11D3-BF4B-00C04F79EFBC}") = "Contracts", "Contracts\Contracts.csproj", "{7E96D34D-9DB0-4209-A2E3-21D2803AE856}"
EndProject
Project("{FAE04EC0-301F-11D3-BF4B-00C04F79EFBC}") = "LoggerService", "LoggerService\LoggerService.csproj", "{A51DC9BC-4573-4609-AEB9-1EFAFE8EC17B}"
EndProject
Project("{FAE04EC0-301F-11D3-BF4B-00C04F79EFBC}") = "Entities", "Entities\Entities.csproj", "{E23385BD-5D8A-4474-AEA8-629DD3EE4FC3}"
EndProject
Project("{FAE04EC0-301F-11D3-BF4B-00C04F79EFBC}") = "Repository", "Repository\Repository.csproj", "{3F09D6BA-7B63-4483-85F6-EEE06D586CA5}"
EndProject
Project("{FAE04EC0-301F-11D3-BF4B-00C04F79EFBC}") = "Service.Contracts", "Service.Contracts\Service.Contracts.csproj", "{6B3F7F15-006E-4080-94DB-CC50386878C1}"
EndProject
Project("{FAE04EC0-301F-11D3-BF4B-00C04F79EFBC}") = "Service", "Service\Service.csproj", "{8E1776C1-84ED-4A18-8940-C4DDEF132C7B}"
EndProject
Global
	GlobalSection(SolutionConfigurationPlatforms) = preSolution
		Debug|Any CPU = Debug|Any CPU
		Release|Any CPU = Release|Any CPU
	EndGlobalSection
	GlobalSection(ProjectConfigurationPlatforms) = postSolution
		{68B04809-A5D2-411A-9ED7-AD67E073B138}.Debug|Any CPU.ActiveCfg = Debug|Any CPU
		{68B04809-A5D2-411A-9ED7-AD67E073B138}.Debug|Any CPU.Build.0 = Debug|Any CPU
		{68B04809-A5D2-411A-9ED7-AD67E073B138}.Release|Any CPU.ActiveCfg = Release|Any CPU
		{68B04809-A5D2-411A-9ED7-AD67E073B138}.Release|Any CPU.Build.0 = Release|Any CPU
		{7E96D34D-9DB0-4209-A2E3-21D2803AE856}.Debug|Any CPU.ActiveCfg = Debug|Any CPU
		{7E96D34D-9DB0-4209-A2E3-21D2803AE856}.Debug|Any CPU.Build.0 = Debug|Any CPU
		{7E96D34D-9DB0-4209-A2E3-21D2803AE856}.Release|Any CPU.ActiveCfg = Release|Any CPU
		{7E96D34D-9DB0-4209-A2E3-21D2803AE856}.Release|Any CPU.Build.0 = Release|Any CPU
		{A51DC9BC-4573-4609-AEB9-1EFAFE8EC17B}.Debug|Any CPU.ActiveCfg = Debug|Any CPU
		{A51DC9BC-4573-4609-AEB9-1EFAFE8EC17B}.Debug|Any CPU.Build.0 = Debug|Any CPU
		{A51DC9BC-4573-4609-AEB9-1EFAFE8EC17B}.Release|Any CPU.ActiveCfg = Release|Any CPU
		{A51DC9BC-4573-4609-AEB9-1EFAFE8EC17B}.Release|Any CPU.Build.0 = Release|Any CPU
		{E23385BD-5D8A-4474-AEA8-629DD3EE4FC3}.Debug|Any CPU.ActiveCfg = Debug|Any CPU
		{E23385BD-5D8A-4474-AEA8-629DD3EE4FC3}.Debug|Any CPU.Build.0 = Debug|Any CPU
		{E23385BD-5D8A-4474-AEA8-629DD3EE4FC3}.Release|Any CPU.ActiveCfg = Release|Any CPU
		{E23385BD-5D8A-4474-AEA8-629DD3EE4FC3}.Release|Any CPU.Build.0 = Release|Any CPU
		{3F09D6BA-7B63-4483-85F6-EEE06D586CA5}.Debug|Any CPU.ActiveCfg = Debug|Any CPU
		{3F09D6BA-7B63-4483-85F6-EEE06D586CA5}.Debug|Any CPU.Build.0 = Debug|Any CPU
		{3F09D6BA-7B63-4483-85F6-EEE06D586CA5}.Release|Any CPU.ActiveCfg = Release|Any CPU
		{3F09D6BA-7B63-4483-85F6-EEE06D586CA5}.Release|Any CPU.Build.0 = Release|Any CPU
		{6B3F7F15-006E-4080-94DB-CC50386878C1}.Debug|Any CPU.ActiveCfg = Debug|Any CPU
		{6B3F7F15-006E-4080-94DB-CC50386878C1}.Debug|Any CPU.Build.0 = Debug|Any CPU
		{6B3F7F15-006E-4080-94DB-CC50386878C1}.Release|Any CPU.ActiveCfg = Release|Any CPU
		{6B3F7F15-006E-4080-94DB-CC50386878C1}.Release|Any CPU.Build.0 = Release|Any CPU
		{8E1776C1-84ED-4A18-8940-C4DDEF132C7B}.Debug|Any CPU.ActiveCfg = Debug|Any CPU
		{8E1776C1-84ED-4A18-8940-C4DDEF132C7B}.Debug|Any CPU.Build.0 = Debug|Any CPU
		{8E1776C1-84ED-4A18-8940-C4DDEF132C7B}.Release|Any CPU.ActiveCfg = Release|Any CPU
		{8E1776C1-84ED-4A18-8940-C4DDEF132C7B}.Release|Any CPU.Build.0 = Release|Any CPU
	EndGlobalSection
	GlobalSection(SolutionProperties) = preSolution
		HideSolutionNode = FALSE
	EndGlobalSection
	GlobalSection(ExtensibilityGlobals) = postSolution
		SolutionGuid = {3ABF8225-7835-4D90-917E-5C68F55BD2E8}
	EndGlobalSection
EndGlobal
